
Microsoft Visual Studio Solution File, Format Version 12.00
Project("{FAE04EC0-301F-11D3-BF4B-00C04F79EFBC}") = "RoslynPythonCoreParser", "RoslynPythonCoreParser\RoslynPythonCoreParser.csproj", "{FF88279F-4607-4087-A24C-840C5E2B2691}"
EndProject
Project("{FAE04EC0-301F-11D3-BF4B-00C04F79EFBC}") = "TestRoslynPythonCoreParser", "TestRoslynPythonCoreParser\TestRoslynPythonCoreParser.csproj", "{A68895BE-1D88-440B-9839-A7C68F75C484}"
EndProject
Global
	GlobalSection(SolutionConfigurationPlatforms) = preSolution
		Debug|Any CPU = Debug|Any CPU
		Release|Any CPU = Release|Any CPU
	EndGlobalSection
	GlobalSection(ProjectConfigurationPlatforms) = postSolution
		{FF88279F-4607-4087-A24C-840C5E2B2691}.Debug|Any CPU.ActiveCfg = Debug|Any CPU
		{FF88279F-4607-4087-A24C-840C5E2B2691}.Debug|Any CPU.Build.0 = Debug|Any CPU
		{FF88279F-4607-4087-A24C-840C5E2B2691}.Release|Any CPU.ActiveCfg = Release|Any CPU
		{FF88279F-4607-4087-A24C-840C5E2B2691}.Release|Any CPU.Build.0 = Release|Any CPU
		{A68895BE-1D88-440B-9839-A7C68F75C484}.Debug|Any CPU.ActiveCfg = Debug|Any CPU
		{A68895BE-1D88-440B-9839-A7C68F75C484}.Debug|Any CPU.Build.0 = Debug|Any CPU
		{A68895BE-1D88-440B-9839-A7C68F75C484}.Release|Any CPU.ActiveCfg = Release|Any CPU
		{A68895BE-1D88-440B-9839-A7C68F75C484}.Release|Any CPU.Build.0 = Release|Any CPU
	EndGlobalSection
EndGlobal
